
Microsoft Visual Studio Solution File, Format Version 12.00
# Visual Studio Version 17
VisualStudioVersion = 17.14.36401.2 d17.14
MinimumVisualStudioVersion = 10.0.40219.1
Project("{FAE04EC0-301F-11D3-BF4B-00C04F79EFBC}") = "ApiTestForAngularApp", "ApiTestForAngularApp\ApiTestForAngularApp.csproj", "{02530573-FDA1-4754-B3A6-774D24004170}"
EndProject
Global
	GlobalSection(SolutionConfigurationPlatforms) = preSolution
		Debug|Any CPU = Debug|Any CPU
		Release|Any CPU = Release|Any CPU
	EndGlobalSection
	GlobalSection(ProjectConfigurationPlatforms) = postSolution
		{02530573-FDA1-4754-B3A6-774D24004170}.Debug|Any CPU.ActiveCfg = Debug|Any CPU
		{02530573-FDA1-4754-B3A6-774D24004170}.Debug|Any CPU.Build.0 = Debug|Any CPU
		{02530573-FDA1-4754-B3A6-774D24004170}.Release|Any CPU.ActiveCfg = Release|Any CPU
		{02530573-FDA1-4754-B3A6-774D24004170}.Release|Any CPU.Build.0 = Release|Any CPU
	EndGlobalSection
	GlobalSection(SolutionProperties) = preSolution
		HideSolutionNode = FALSE
	EndGlobalSection
	GlobalSection(ExtensibilityGlobals) = postSolution
		SolutionGuid = {0B04F8E8-A3BC-434F-A621-E70CE73A3F9B}
	EndGlobalSection
EndGlobal
